// !$*UTF8*$!
{
	archiveVersion = 1;
	classes = {
	};
	objectVersion = 46;
	objects = {

/* Begin PBXBuildFile section */
		171054CC1DAA04C3001847A9 /* Search.storyboard in Resources */ = {isa = PBXBuildFile; fileRef = 171054CB1DAA04C3001847A9 /* Search.storyboard */; };
		171054CD1DAA04C3001847A9 /* Search.storyboard in Resources */ = {isa = PBXBuildFile; fileRef = 171054CB1DAA04C3001847A9 /* Search.storyboard */; };
		171054CE1DAA04C3001847A9 /* Search.storyboard in Resources */ = {isa = PBXBuildFile; fileRef = 171054CB1DAA04C3001847A9 /* Search.storyboard */; };
		171054D21DAA0C4A001847A9 /* SwiftyJSON.framework in Frameworks */ = {isa = PBXBuildFile; fileRef = 171054D01DAA0C4A001847A9 /* SwiftyJSON.framework */; };
		171054D31DAA0C4A001847A9 /* SWXMLHash.framework in Frameworks */ = {isa = PBXBuildFile; fileRef = 171054D11DAA0C4A001847A9 /* SWXMLHash.framework */; };
		176942BA1DADF23C00F66C54 /* Response.swift in Sources */ = {isa = PBXBuildFile; fileRef = 176942B91DADF23C00F66C54 /* Response.swift */; };
		176942BC1DADF25200F66C54 /* Request.swift in Sources */ = {isa = PBXBuildFile; fileRef = 176942BB1DADF25200F66C54 /* Request.swift */; };
		177CF0161DB0A55E00E91FA7 /* Login.storyboard in Resources */ = {isa = PBXBuildFile; fileRef = 177CF0141DB0A55E00E91FA7 /* Login.storyboard */; };
		177CF0191DB0A9CA00E91FA7 /* Device.swift in Sources */ = {isa = PBXBuildFile; fileRef = 177CF0181DB0A9CA00E91FA7 /* Device.swift */; };
		179E6DE61DAD959B004D5894 /* Cartfile in Resources */ = {isa = PBXBuildFile; fileRef = 179E6DE51DAD959B004D5894 /* Cartfile */; };
		179E6DE81DAD9676004D5894 /* SwiftHTTP.framework in Frameworks */ = {isa = PBXBuildFile; fileRef = 179E6DE71DAD9676004D5894 /* SwiftHTTP.framework */; };
		17A618EE1DA6061F00E71CFF /* AppDelegate.swift in Sources */ = {isa = PBXBuildFile; fileRef = 17A618ED1DA6061F00E71CFF /* AppDelegate.swift */; };
		17A618F01DA6061F00E71CFF /* FirstViewController.swift in Sources */ = {isa = PBXBuildFile; fileRef = 17A618EF1DA6061F00E71CFF /* FirstViewController.swift */; };
		17A618F21DA6061F00E71CFF /* MyPodCastsViewController.swift in Sources */ = {isa = PBXBuildFile; fileRef = 17A618F11DA6061F00E71CFF /* MyPodCastsViewController.swift */; };
		17A618F51DA6061F00E71CFF /* Main.storyboard in Resources */ = {isa = PBXBuildFile; fileRef = 17A618F31DA6061F00E71CFF /* Main.storyboard */; };
		17A618F71DA6061F00E71CFF /* Assets.xcassets in Resources */ = {isa = PBXBuildFile; fileRef = 17A618F61DA6061F00E71CFF /* Assets.xcassets */; };
		17A618FA1DA6061F00E71CFF /* LaunchScreen.storyboard in Resources */ = {isa = PBXBuildFile; fileRef = 17A618F81DA6061F00E71CFF /* LaunchScreen.storyboard */; };
		17A619051DA6061F00E71CFF /* SocialPodcastTests.swift in Sources */ = {isa = PBXBuildFile; fileRef = 17A619041DA6061F00E71CFF /* SocialPodcastTests.swift */; };
		17A619101DA6061F00E71CFF /* SocialPodcastUITests.swift in Sources */ = {isa = PBXBuildFile; fileRef = 17A6190F1DA6061F00E71CFF /* SocialPodcastUITests.swift */; };
		17B0912A1DE0426600106B30 /* CategoryResponse.swift in Sources */ = {isa = PBXBuildFile; fileRef = 17B091291DE0426600106B30 /* CategoryResponse.swift */; };
		17B8F36C1DB83525006CCDAC /* Podcast.storyboard in Resources */ = {isa = PBXBuildFile; fileRef = 17B8F36A1DB83525006CCDAC /* Podcast.storyboard */; };
		17B8F36E1DB885DE006CCDAC /* EpisodesViewController.swift in Sources */ = {isa = PBXBuildFile; fileRef = 17B8F36D1DB885DE006CCDAC /* EpisodesViewController.swift */; };
		17BAEE171DBADE7C00945821 /* PodcastsRequest.swift in Sources */ = {isa = PBXBuildFile; fileRef = 17BAEE161DBADE7C00945821 /* PodcastsRequest.swift */; };
		17BAEE191DBAE0E600945821 /* Jukebox.framework in Frameworks */ = {isa = PBXBuildFile; fileRef = 17BAEE181DBAE0E600945821 /* Jukebox.framework */; };
		17BAEE1B1DBAE51200945821 /* Container.swift in Sources */ = {isa = PBXBuildFile; fileRef = 17BAEE1A1DBAE51200945821 /* Container.swift */; };
		17BAEE1D1DBAE57000945821 /* PlayerController.swift in Sources */ = {isa = PBXBuildFile; fileRef = 17BAEE1C1DBAE57000945821 /* PlayerController.swift */; };
		17BAEE1F1DBAE61200945821 /* Episode.swift in Sources */ = {isa = PBXBuildFile; fileRef = 17BAEE1E1DBAE61200945821 /* Episode.swift */; };
		17BAEE211DBAE67800945821 /* Podcast.swift in Sources */ = {isa = PBXBuildFile; fileRef = 17BAEE201DBAE67800945821 /* Podcast.swift */; };
		17BAEE241DBAE7CE00945821 /* ContainerService.swift in Sources */ = {isa = PBXBuildFile; fileRef = 17BAEE231DBAE7CE00945821 /* ContainerService.swift */; };
		17BEB2D01DB1FF1B003D04B0 /* MeResponse.swift in Sources */ = {isa = PBXBuildFile; fileRef = 17BEB2CF1DB1FF1B003D04B0 /* MeResponse.swift */; };
		17BEB2D31DB2142C003D04B0 /* Handshake.swift in Sources */ = {isa = PBXBuildFile; fileRef = 17BEB2D21DB2142C003D04B0 /* Handshake.swift */; };
		17BEB2D51DB21705003D04B0 /* ApiManager.swift in Sources */ = {isa = PBXBuildFile; fileRef = 17BEB2D41DB21705003D04B0 /* ApiManager.swift */; };
		17C33FAC1DCF011600EBFC83 /* LocalStorage.swift in Sources */ = {isa = PBXBuildFile; fileRef = 17C33FAB1DCF011600EBFC83 /* LocalStorage.swift */; };
		17E7F7BF1DD10ED900629C30 /* PodcastResponse.swift in Sources */ = {isa = PBXBuildFile; fileRef = 17E7F7BE1DD10ED900629C30 /* PodcastResponse.swift */; };
		17FBFC021DACBBF1004A4871 /* Api.swift in Sources */ = {isa = PBXBuildFile; fileRef = 17FBFC001DACBBF1004A4871 /* Api.swift */; };
		17FBFC031DACBBF1004A4871 /* Client.swift in Sources */ = {isa = PBXBuildFile; fileRef = 17FBFC011DACBBF1004A4871 /* Client.swift */; };
/* End PBXBuildFile section */

/* Begin PBXContainerItemProxy section */
		17A619011DA6061F00E71CFF /* PBXContainerItemProxy */ = {
			isa = PBXContainerItemProxy;
			containerPortal = 17A618E21DA6061F00E71CFF /* Project object */;
			proxyType = 1;
			remoteGlobalIDString = 17A618E91DA6061F00E71CFF;
			remoteInfo = SocialPodcast;
		};
		17A6190C1DA6061F00E71CFF /* PBXContainerItemProxy */ = {
			isa = PBXContainerItemProxy;
			containerPortal = 17A618E21DA6061F00E71CFF /* Project object */;
			proxyType = 1;
			remoteGlobalIDString = 17A618E91DA6061F00E71CFF;
			remoteInfo = SocialPodcast;
		};
/* End PBXContainerItemProxy section */

/* Begin PBXCopyFilesBuildPhase section */
		179E6DE91DAD96AF004D5894 /* CopyFiles */ = {
			isa = PBXCopyFilesBuildPhase;
			buildActionMask = 2147483647;
			dstPath = "";
			dstSubfolderSpec = 7;
			files = (
			);
			runOnlyForDeploymentPostprocessing = 0;
		};
/* End PBXCopyFilesBuildPhase section */

/* Begin PBXFileReference section */
		171054CB1DAA04C3001847A9 /* Search.storyboard */ = {isa = PBXFileReference; fileEncoding = 4; lastKnownFileType = file.storyboard; path = Search.storyboard; sourceTree = "<group>"; };
		171054D01DAA0C4A001847A9 /* SwiftyJSON.framework */ = {isa = PBXFileReference; lastKnownFileType = wrapper.framework; name = SwiftyJSON.framework; path = Carthage/Build/iOS/SwiftyJSON.framework; sourceTree = "<group>"; };
		171054D11DAA0C4A001847A9 /* SWXMLHash.framework */ = {isa = PBXFileReference; lastKnownFileType = wrapper.framework; name = SWXMLHash.framework; path = Carthage/Build/iOS/SWXMLHash.framework; sourceTree = "<group>"; };
		176942B91DADF23C00F66C54 /* Response.swift */ = {isa = PBXFileReference; fileEncoding = 4; lastKnownFileType = sourcecode.swift; name = Response.swift; path = lib/Response.swift; sourceTree = "<group>"; };
		176942BB1DADF25200F66C54 /* Request.swift */ = {isa = PBXFileReference; fileEncoding = 4; lastKnownFileType = sourcecode.swift; name = Request.swift; path = lib/Request.swift; sourceTree = "<group>"; };
		177CF0151DB0A55E00E91FA7 /* Base */ = {isa = PBXFileReference; lastKnownFileType = file.storyboard; name = Base; path = Base.lproj/Login.storyboard; sourceTree = "<group>"; };
		177CF0181DB0A9CA00E91FA7 /* Device.swift */ = {isa = PBXFileReference; fileEncoding = 4; lastKnownFileType = sourcecode.swift; path = Device.swift; sourceTree = "<group>"; };
		179E6DE51DAD959B004D5894 /* Cartfile */ = {isa = PBXFileReference; fileEncoding = 4; lastKnownFileType = text; path = Cartfile; sourceTree = "<group>"; };
		179E6DE71DAD9676004D5894 /* SwiftHTTP.framework */ = {isa = PBXFileReference; lastKnownFileType = wrapper.framework; name = SwiftHTTP.framework; path = Carthage/Build/iOS/SwiftHTTP.framework; sourceTree = "<group>"; };
		17A618EA1DA6061F00E71CFF /* MiniCast.app */ = {isa = PBXFileReference; explicitFileType = wrapper.application; includeInIndex = 0; path = MiniCast.app; sourceTree = BUILT_PRODUCTS_DIR; };
		17A618ED1DA6061F00E71CFF /* AppDelegate.swift */ = {isa = PBXFileReference; lastKnownFileType = sourcecode.swift; path = AppDelegate.swift; sourceTree = "<group>"; };
		17A618EF1DA6061F00E71CFF /* FirstViewController.swift */ = {isa = PBXFileReference; lastKnownFileType = sourcecode.swift; path = FirstViewController.swift; sourceTree = "<group>"; };
		17A618F11DA6061F00E71CFF /* MyPodCastsViewController.swift */ = {isa = PBXFileReference; lastKnownFileType = sourcecode.swift; path = MyPodCastsViewController.swift; sourceTree = "<group>"; };
		17A618F41DA6061F00E71CFF /* Base */ = {isa = PBXFileReference; lastKnownFileType = file.storyboard; name = Base; path = Base.lproj/Main.storyboard; sourceTree = "<group>"; };
		17A618F61DA6061F00E71CFF /* Assets.xcassets */ = {isa = PBXFileReference; lastKnownFileType = folder.assetcatalog; path = Assets.xcassets; sourceTree = "<group>"; };
		17A618F91DA6061F00E71CFF /* Base */ = {isa = PBXFileReference; lastKnownFileType = file.storyboard; name = Base; path = Base.lproj/LaunchScreen.storyboard; sourceTree = "<group>"; };
		17A618FB1DA6061F00E71CFF /* Info.plist */ = {isa = PBXFileReference; lastKnownFileType = text.plist.xml; path = Info.plist; sourceTree = "<group>"; };
		17A619001DA6061F00E71CFF /* MiniCastTests.xctest */ = {isa = PBXFileReference; explicitFileType = wrapper.cfbundle; includeInIndex = 0; path = MiniCastTests.xctest; sourceTree = BUILT_PRODUCTS_DIR; };
		17A619041DA6061F00E71CFF /* SocialPodcastTests.swift */ = {isa = PBXFileReference; lastKnownFileType = sourcecode.swift; path = SocialPodcastTests.swift; sourceTree = "<group>"; };
		17A619061DA6061F00E71CFF /* Info.plist */ = {isa = PBXFileReference; lastKnownFileType = text.plist.xml; path = Info.plist; sourceTree = "<group>"; };
		17A6190B1DA6061F00E71CFF /* MiniCastUITests.xctest */ = {isa = PBXFileReference; explicitFileType = wrapper.cfbundle; includeInIndex = 0; path = MiniCastUITests.xctest; sourceTree = BUILT_PRODUCTS_DIR; };
		17A6190F1DA6061F00E71CFF /* SocialPodcastUITests.swift */ = {isa = PBXFileReference; lastKnownFileType = sourcecode.swift; path = SocialPodcastUITests.swift; sourceTree = "<group>"; };
		17A619111DA6061F00E71CFF /* Info.plist */ = {isa = PBXFileReference; lastKnownFileType = text.plist.xml; path = Info.plist; sourceTree = "<group>"; };
		17B091291DE0426600106B30 /* CategoryResponse.swift */ = {isa = PBXFileReference; fileEncoding = 4; lastKnownFileType = sourcecode.swift; name = CategoryResponse.swift; path = lib/CategoryResponse.swift; sourceTree = "<group>"; };
		17B8F36B1DB83525006CCDAC /* Base */ = {isa = PBXFileReference; lastKnownFileType = file.storyboard; name = Base; path = Base.lproj/Podcast.storyboard; sourceTree = "<group>"; };
		17B8F36D1DB885DE006CCDAC /* EpisodesViewController.swift */ = {isa = PBXFileReference; fileEncoding = 4; lastKnownFileType = sourcecode.swift; path = EpisodesViewController.swift; sourceTree = "<group>"; };
		17BAEE161DBADE7C00945821 /* PodcastsRequest.swift */ = {isa = PBXFileReference; fileEncoding = 4; lastKnownFileType = sourcecode.swift; name = PodcastsRequest.swift; path = lib/PodcastsRequest.swift; sourceTree = "<group>"; };
		17BAEE181DBAE0E600945821 /* Jukebox.framework */ = {isa = PBXFileReference; lastKnownFileType = wrapper.framework; name = Jukebox.framework; path = Carthage/Build/iOS/Jukebox.framework; sourceTree = "<group>"; };
		17BAEE1A1DBAE51200945821 /* Container.swift */ = {isa = PBXFileReference; fileEncoding = 4; lastKnownFileType = sourcecode.swift; name = Container.swift; path = lib/Container.swift; sourceTree = "<group>"; };
		17BAEE1C1DBAE57000945821 /* PlayerController.swift */ = {isa = PBXFileReference; fileEncoding = 4; lastKnownFileType = sourcecode.swift; name = PlayerController.swift; path = lib/PlayerController.swift; sourceTree = "<group>"; };
		17BAEE1E1DBAE61200945821 /* Episode.swift */ = {isa = PBXFileReference; fileEncoding = 4; lastKnownFileType = sourcecode.swift; name = Episode.swift; path = lib/Player/Episode.swift; sourceTree = "<group>"; };
		17BAEE201DBAE67800945821 /* Podcast.swift */ = {isa = PBXFileReference; fileEncoding = 4; lastKnownFileType = sourcecode.swift; name = Podcast.swift; path = lib/Player/Podcast.swift; sourceTree = "<group>"; };
		17BAEE231DBAE7CE00945821 /* ContainerService.swift */ = {isa = PBXFileReference; fileEncoding = 4; lastKnownFileType = sourcecode.swift; name = ContainerService.swift; path = lib/ContainerService.swift; sourceTree = "<group>"; };
		17BEB2CF1DB1FF1B003D04B0 /* MeResponse.swift */ = {isa = PBXFileReference; fileEncoding = 4; lastKnownFileType = sourcecode.swift; name = MeResponse.swift; path = lib/MeResponse.swift; sourceTree = "<group>"; };
		17BEB2D21DB2142C003D04B0 /* Handshake.swift */ = {isa = PBXFileReference; fileEncoding = 4; lastKnownFileType = sourcecode.swift; path = Handshake.swift; sourceTree = "<group>"; };
		17BEB2D41DB21705003D04B0 /* ApiManager.swift */ = {isa = PBXFileReference; fileEncoding = 4; lastKnownFileType = sourcecode.swift; name = ApiManager.swift; path = lib/ApiManager.swift; sourceTree = "<group>"; };
		17C33FAB1DCF011600EBFC83 /* LocalStorage.swift */ = {isa = PBXFileReference; fileEncoding = 4; lastKnownFileType = sourcecode.swift; name = LocalStorage.swift; path = lib/LocalStorage.swift; sourceTree = "<group>"; };
		17E7F7BE1DD10ED900629C30 /* PodcastResponse.swift */ = {isa = PBXFileReference; fileEncoding = 4; lastKnownFileType = sourcecode.swift; name = PodcastResponse.swift; path = lib/PodcastResponse.swift; sourceTree = "<group>"; };
		17FBFC001DACBBF1004A4871 /* Api.swift */ = {isa = PBXFileReference; fileEncoding = 4; lastKnownFileType = sourcecode.swift; name = Api.swift; path = lib/Api.swift; sourceTree = "<group>"; };
		17FBFC011DACBBF1004A4871 /* Client.swift */ = {isa = PBXFileReference; fileEncoding = 4; lastKnownFileType = sourcecode.swift; name = Client.swift; path = lib/Client.swift; sourceTree = "<group>"; };
/* End PBXFileReference section */

/* Begin PBXFrameworksBuildPhase section */
		17A618E71DA6061F00E71CFF /* Frameworks */ = {
			isa = PBXFrameworksBuildPhase;
			buildActionMask = 2147483647;
			files = (
				179E6DE81DAD9676004D5894 /* SwiftHTTP.framework in Frameworks */,
				171054D21DAA0C4A001847A9 /* SwiftyJSON.framework in Frameworks */,
				17BAEE191DBAE0E600945821 /* Jukebox.framework in Frameworks */,
				171054D31DAA0C4A001847A9 /* SWXMLHash.framework in Frameworks */,
			);
			runOnlyForDeploymentPostprocessing = 0;
		};
		17A618FD1DA6061F00E71CFF /* Frameworks */ = {
			isa = PBXFrameworksBuildPhase;
			buildActionMask = 2147483647;
			files = (
			);
			runOnlyForDeploymentPostprocessing = 0;
		};
		17A619081DA6061F00E71CFF /* Frameworks */ = {
			isa = PBXFrameworksBuildPhase;
			buildActionMask = 2147483647;
			files = (
			);
			runOnlyForDeploymentPostprocessing = 0;
		};
/* End PBXFrameworksBuildPhase section */

/* Begin PBXGroup section */
		171054CF1DAA0C4A001847A9 /* Frameworks */ = {
			isa = PBXGroup;
			children = (
				17BAEE181DBAE0E600945821 /* Jukebox.framework */,
				179E6DE71DAD9676004D5894 /* SwiftHTTP.framework */,
				171054D01DAA0C4A001847A9 /* SwiftyJSON.framework */,
				171054D11DAA0C4A001847A9 /* SWXMLHash.framework */,
			);
			name = Frameworks;
			sourceTree = "<group>";
		};
		176942BD1DAE14BE00F66C54 /* Response */ = {
			isa = PBXGroup;
			children = (
				17BEB2CF1DB1FF1B003D04B0 /* MeResponse.swift */,
				17B091291DE0426600106B30 /* CategoryResponse.swift */,
				17E7F7BE1DD10ED900629C30 /* PodcastResponse.swift */,
			);
			name = Response;
			sourceTree = "<group>";
		};
		177CF0171DB0A9B600E91FA7 /* Model */ = {
			isa = PBXGroup;
			children = (
				177CF0181DB0A9CA00E91FA7 /* Device.swift */,
				17BAEE1E1DBAE61200945821 /* Episode.swift */,
				17BAEE201DBAE67800945821 /* Podcast.swift */,
			);
			name = Model;
			sourceTree = "<group>";
		};
		17A618E11DA6061F00E71CFF = {
			isa = PBXGroup;
			children = (
				179E6DE51DAD959B004D5894 /* Cartfile */,
				17A618EC1DA6061F00E71CFF /* SocialPodcast */,
				17A619031DA6061F00E71CFF /* SocialPodcastTests */,
				17A6190E1DA6061F00E71CFF /* SocialPodcastUITests */,
				17A618EB1DA6061F00E71CFF /* Products */,
				171054CF1DAA0C4A001847A9 /* Frameworks */,
			);
			sourceTree = "<group>";
		};
		17A618EB1DA6061F00E71CFF /* Products */ = {
			isa = PBXGroup;
			children = (
				17A618EA1DA6061F00E71CFF /* MiniCast.app */,
				17A619001DA6061F00E71CFF /* MiniCastTests.xctest */,
				17A6190B1DA6061F00E71CFF /* MiniCastUITests.xctest */,
			);
			name = Products;
			sourceTree = "<group>";
		};
		17A618EC1DA6061F00E71CFF /* SocialPodcast */ = {
			isa = PBXGroup;
			children = (
				17BEB2D11DB21351003D04B0 /* Services */,
				177CF0171DB0A9B600E91FA7 /* Model */,
				17FBFC041DACBBF7004A4871 /* Api */,
				17A618ED1DA6061F00E71CFF /* AppDelegate.swift */,
				17A618EF1DA6061F00E71CFF /* FirstViewController.swift */,
				17A618F11DA6061F00E71CFF /* MyPodCastsViewController.swift */,
				17A618F31DA6061F00E71CFF /* Main.storyboard */,
				17B8F36A1DB83525006CCDAC /* Podcast.storyboard */,
				17B8F36D1DB885DE006CCDAC /* EpisodesViewController.swift */,
				177CF0141DB0A55E00E91FA7 /* Login.storyboard */,
				171054CB1DAA04C3001847A9 /* Search.storyboard */,
				17BAEE1A1DBAE51200945821 /* Container.swift */,
				17BAEE1C1DBAE57000945821 /* PlayerController.swift */,
				17A618F61DA6061F00E71CFF /* Assets.xcassets */,
				17A618F81DA6061F00E71CFF /* LaunchScreen.storyboard */,
				17A618FB1DA6061F00E71CFF /* Info.plist */,
			);
			path = SocialPodcast;
			sourceTree = "<group>";
		};
		17A619031DA6061F00E71CFF /* SocialPodcastTests */ = {
			isa = PBXGroup;
			children = (
				17A619041DA6061F00E71CFF /* SocialPodcastTests.swift */,
				17A619061DA6061F00E71CFF /* Info.plist */,
			);
			path = SocialPodcastTests;
			sourceTree = "<group>";
		};
		17A6190E1DA6061F00E71CFF /* SocialPodcastUITests */ = {
			isa = PBXGroup;
			children = (
				17A6190F1DA6061F00E71CFF /* SocialPodcastUITests.swift */,
				17A619111DA6061F00E71CFF /* Info.plist */,
			);
			path = SocialPodcastUITests;
			sourceTree = "<group>";
		};
		17B091281DE041ED00106B30 /* Core */ = {
			isa = PBXGroup;
			children = (
				176942BB1DADF25200F66C54 /* Request.swift */,
				17FBFC001DACBBF1004A4871 /* Api.swift */,
				17FBFC011DACBBF1004A4871 /* Client.swift */,
				176942B91DADF23C00F66C54 /* Response.swift */,
			);
			name = Core;
			sourceTree = "<group>";
		};
		17BAEE151DBADE5500945821 /* Request */ = {
			isa = PBXGroup;
			children = (
				17BAEE161DBADE7C00945821 /* PodcastsRequest.swift */,
			);
			name = Request;
			sourceTree = "<group>";
		};
		17BEB2D11DB21351003D04B0 /* Services */ = {
			isa = PBXGroup;
			children = (
				17BEB2D21DB2142C003D04B0 /* Handshake.swift */,
				17BAEE231DBAE7CE00945821 /* ContainerService.swift */,
				17C33FAB1DCF011600EBFC83 /* LocalStorage.swift */,
			);
			name = Services;
			sourceTree = "<group>";
		};
		17FBFC041DACBBF7004A4871 /* Api */ = {
			isa = PBXGroup;
			children = (
				17BAEE151DBADE5500945821 /* Request */,
				176942BD1DAE14BE00F66C54 /* Response */,
				17B091281DE041ED00106B30 /* Core */,
				17BEB2D41DB21705003D04B0 /* ApiManager.swift */,
			);
			name = Api;
			sourceTree = "<group>";
		};
/* End PBXGroup section */

/* Begin PBXNativeTarget section */
		17A618E91DA6061F00E71CFF /* MiniCast */ = {
			isa = PBXNativeTarget;
			buildConfigurationList = 17A619141DA6061F00E71CFF /* Build configuration list for PBXNativeTarget "MiniCast" */;
			buildPhases = (
				17A618E61DA6061F00E71CFF /* Sources */,
				17A618E71DA6061F00E71CFF /* Frameworks */,
				17A618E81DA6061F00E71CFF /* Resources */,
				171054D41DAA0E1B001847A9 /* Run Script */,
				179E6DE91DAD96AF004D5894 /* CopyFiles */,
			);
			buildRules = (
			);
			dependencies = (
			);
			name = MiniCast;
			productName = SocialPodcast;
			productReference = 17A618EA1DA6061F00E71CFF /* MiniCast.app */;
			productType = "com.apple.product-type.application";
		};
		17A618FF1DA6061F00E71CFF /* MiniCastTests */ = {
			isa = PBXNativeTarget;
			buildConfigurationList = 17A619171DA6061F00E71CFF /* Build configuration list for PBXNativeTarget "MiniCastTests" */;
			buildPhases = (
				17A618FC1DA6061F00E71CFF /* Sources */,
				17A618FD1DA6061F00E71CFF /* Frameworks */,
				17A618FE1DA6061F00E71CFF /* Resources */,
			);
			buildRules = (
			);
			dependencies = (
				17A619021DA6061F00E71CFF /* PBXTargetDependency */,
			);
			name = MiniCastTests;
			productName = SocialPodcastTests;
			productReference = 17A619001DA6061F00E71CFF /* MiniCastTests.xctest */;
			productType = "com.apple.product-type.bundle.unit-test";
		};
		17A6190A1DA6061F00E71CFF /* MiniCastUITests */ = {
			isa = PBXNativeTarget;
			buildConfigurationList = 17A6191A1DA6061F00E71CFF /* Build configuration list for PBXNativeTarget "MiniCastUITests" */;
			buildPhases = (
				17A619071DA6061F00E71CFF /* Sources */,
				17A619081DA6061F00E71CFF /* Frameworks */,
				17A619091DA6061F00E71CFF /* Resources */,
			);
			buildRules = (
			);
			dependencies = (
				17A6190D1DA6061F00E71CFF /* PBXTargetDependency */,
			);
			name = MiniCastUITests;
			productName = SocialPodcastUITests;
			productReference = 17A6190B1DA6061F00E71CFF /* MiniCastUITests.xctest */;
			productType = "com.apple.product-type.bundle.ui-testing";
		};
/* End PBXNativeTarget section */

/* Begin PBXProject section */
		17A618E21DA6061F00E71CFF /* Project object */ = {
			isa = PBXProject;
			attributes = {
				LastSwiftUpdateCheck = 0800;
				LastUpgradeCheck = 0800;
				ORGANIZATIONNAME = Axcoto;
				TargetAttributes = {
					17A618E91DA6061F00E71CFF = {
						CreatedOnToolsVersion = 8.0;
						DevelopmentTeam = 456HYLV3SG;
						ProvisioningStyle = Automatic;
					};
					17A618FF1DA6061F00E71CFF = {
						CreatedOnToolsVersion = 8.0;
						ProvisioningStyle = Automatic;
						TestTargetID = 17A618E91DA6061F00E71CFF;
					};
					17A6190A1DA6061F00E71CFF = {
						CreatedOnToolsVersion = 8.0;
						ProvisioningStyle = Automatic;
						TestTargetID = 17A618E91DA6061F00E71CFF;
					};
				};
			};
			buildConfigurationList = 17A618E51DA6061F00E71CFF /* Build configuration list for PBXProject "MiniCast" */;
			compatibilityVersion = "Xcode 3.2";
			developmentRegion = English;
			hasScannedForEncodings = 0;
			knownRegions = (
				en,
				Base,
			);
			mainGroup = 17A618E11DA6061F00E71CFF;
			productRefGroup = 17A618EB1DA6061F00E71CFF /* Products */;
			projectDirPath = "";
			projectRoot = "";
			targets = (
				17A618E91DA6061F00E71CFF /* MiniCast */,
				17A618FF1DA6061F00E71CFF /* MiniCastTests */,
				17A6190A1DA6061F00E71CFF /* MiniCastUITests */,
			);
		};
/* End PBXProject section */

/* Begin PBXResourcesBuildPhase section */
		17A618E81DA6061F00E71CFF /* Resources */ = {
			isa = PBXResourcesBuildPhase;
			buildActionMask = 2147483647;
			files = (
				179E6DE61DAD959B004D5894 /* Cartfile in Resources */,
				17A618FA1DA6061F00E71CFF /* LaunchScreen.storyboard in Resources */,
				177CF0161DB0A55E00E91FA7 /* Login.storyboard in Resources */,
				17A618F71DA6061F00E71CFF /* Assets.xcassets in Resources */,
				17B8F36C1DB83525006CCDAC /* Podcast.storyboard in Resources */,
				171054CC1DAA04C3001847A9 /* Search.storyboard in Resources */,
				17A618F51DA6061F00E71CFF /* Main.storyboard in Resources */,
			);
			runOnlyForDeploymentPostprocessing = 0;
		};
		17A618FE1DA6061F00E71CFF /* Resources */ = {
			isa = PBXResourcesBuildPhase;
			buildActionMask = 2147483647;
			files = (
				171054CD1DAA04C3001847A9 /* Search.storyboard in Resources */,
			);
			runOnlyForDeploymentPostprocessing = 0;
		};
		17A619091DA6061F00E71CFF /* Resources */ = {
			isa = PBXResourcesBuildPhase;
			buildActionMask = 2147483647;
			files = (
				171054CE1DAA04C3001847A9 /* Search.storyboard in Resources */,
			);
			runOnlyForDeploymentPostprocessing = 0;
		};
/* End PBXResourcesBuildPhase section */

/* Begin PBXShellScriptBuildPhase section */
		171054D41DAA0E1B001847A9 /* Run Script */ = {
			isa = PBXShellScriptBuildPhase;
			buildActionMask = 2147483647;
			files = (
			);
			inputPaths = (
				"$(SRCROOT)/Carthage/Build/iOS/SwiftyJSON.framework",
				"$(SRCROOT)/Carthage/Build/iOS/SWXMLHash.framework",
				"$(SRCROOT)/Carthage/Build/iOS/SwiftHTTP.framework",
				"$(SRCROOT)/Carthage/Build/iOS/Jukebox.framework",
				"$(SRCROOT)/Carthage/Build/iOS/SQLite.framework",
			);
			name = "Run Script";
			outputPaths = (
			);
			runOnlyForDeploymentPostprocessing = 0;
			shellPath = /bin/sh;
			shellScript = "/usr/local/bin/carthage copy-frameworks\n";
		};
/* End PBXShellScriptBuildPhase section */

/* Begin PBXSourcesBuildPhase section */
		17A618E61DA6061F00E71CFF /* Sources */ = {
			isa = PBXSourcesBuildPhase;
			buildActionMask = 2147483647;
			files = (
				17A618F21DA6061F00E71CFF /* MyPodCastsViewController.swift in Sources */,
				17BAEE211DBAE67800945821 /* Podcast.swift in Sources */,
				17B0912A1DE0426600106B30 /* CategoryResponse.swift in Sources */,
				17BAEE1F1DBAE61200945821 /* Episode.swift in Sources */,
				17BAEE171DBADE7C00945821 /* PodcastsRequest.swift in Sources */,
				17A618EE1DA6061F00E71CFF /* AppDelegate.swift in Sources */,
				17E7F7BF1DD10ED900629C30 /* PodcastResponse.swift in Sources */,
				17FBFC021DACBBF1004A4871 /* Api.swift in Sources */,
				17BEB2D31DB2142C003D04B0 /* Handshake.swift in Sources */,
				17BAEE241DBAE7CE00945821 /* ContainerService.swift in Sources */,
				17FBFC031DACBBF1004A4871 /* Client.swift in Sources */,
				176942BC1DADF25200F66C54 /* Request.swift in Sources */,
				17B8F36E1DB885DE006CCDAC /* EpisodesViewController.swift in Sources */,
				17BEB2D51DB21705003D04B0 /* ApiManager.swift in Sources */,
				17A618F01DA6061F00E71CFF /* FirstViewController.swift in Sources */,
				176942BA1DADF23C00F66C54 /* Response.swift in Sources */,
				17BAEE1B1DBAE51200945821 /* Container.swift in Sources */,
				177CF0191DB0A9CA00E91FA7 /* Device.swift in Sources */,
				17BAEE1D1DBAE57000945821 /* PlayerController.swift in Sources */,
				17BEB2D01DB1FF1B003D04B0 /* MeResponse.swift in Sources */,
				17C33FAC1DCF011600EBFC83 /* LocalStorage.swift in Sources */,
			);
			runOnlyForDeploymentPostprocessing = 0;
		};
		17A618FC1DA6061F00E71CFF /* Sources */ = {
			isa = PBXSourcesBuildPhase;
			buildActionMask = 2147483647;
			files = (
				17A619051DA6061F00E71CFF /* SocialPodcastTests.swift in Sources */,
			);
			runOnlyForDeploymentPostprocessing = 0;
		};
		17A619071DA6061F00E71CFF /* Sources */ = {
			isa = PBXSourcesBuildPhase;
			buildActionMask = 2147483647;
			files = (
				17A619101DA6061F00E71CFF /* SocialPodcastUITests.swift in Sources */,
			);
			runOnlyForDeploymentPostprocessing = 0;
		};
/* End PBXSourcesBuildPhase section */

/* Begin PBXTargetDependency section */
		17A619021DA6061F00E71CFF /* PBXTargetDependency */ = {
			isa = PBXTargetDependency;
			target = 17A618E91DA6061F00E71CFF /* MiniCast */;
			targetProxy = 17A619011DA6061F00E71CFF /* PBXContainerItemProxy */;
		};
		17A6190D1DA6061F00E71CFF /* PBXTargetDependency */ = {
			isa = PBXTargetDependency;
			target = 17A618E91DA6061F00E71CFF /* MiniCast */;
			targetProxy = 17A6190C1DA6061F00E71CFF /* PBXContainerItemProxy */;
		};
/* End PBXTargetDependency section */

/* Begin PBXVariantGroup section */
		177CF0141DB0A55E00E91FA7 /* Login.storyboard */ = {
			isa = PBXVariantGroup;
			children = (
				177CF0151DB0A55E00E91FA7 /* Base */,
			);
			name = Login.storyboard;
			sourceTree = "<group>";
		};
		17A618F31DA6061F00E71CFF /* Main.storyboard */ = {
			isa = PBXVariantGroup;
			children = (
				17A618F41DA6061F00E71CFF /* Base */,
			);
			name = Main.storyboard;
			sourceTree = "<group>";
		};
		17A618F81DA6061F00E71CFF /* LaunchScreen.storyboard */ = {
			isa = PBXVariantGroup;
			children = (
				17A618F91DA6061F00E71CFF /* Base */,
			);
			name = LaunchScreen.storyboard;
			sourceTree = "<group>";
		};
		17B8F36A1DB83525006CCDAC /* Podcast.storyboard */ = {
			isa = PBXVariantGroup;
			children = (
				17B8F36B1DB83525006CCDAC /* Base */,
			);
			name = Podcast.storyboard;
			sourceTree = "<group>";
		};
/* End PBXVariantGroup section */

/* Begin XCBuildConfiguration section */
		17A619121DA6061F00E71CFF /* Debug */ = {
			isa = XCBuildConfiguration;
			buildSettings = {
				ALWAYS_SEARCH_USER_PATHS = NO;
				CLANG_ANALYZER_NONNULL = YES;
				CLANG_CXX_LANGUAGE_STANDARD = "gnu++0x";
				CLANG_CXX_LIBRARY = "libc++";
				CLANG_ENABLE_MODULES = YES;
				CLANG_ENABLE_OBJC_ARC = YES;
				CLANG_WARN_BOOL_CONVERSION = YES;
				CLANG_WARN_CONSTANT_CONVERSION = YES;
				CLANG_WARN_DIRECT_OBJC_ISA_USAGE = YES_ERROR;
				CLANG_WARN_DOCUMENTATION_COMMENTS = YES;
				CLANG_WARN_EMPTY_BODY = YES;
				CLANG_WARN_ENUM_CONVERSION = YES;
				CLANG_WARN_INFINITE_RECURSION = YES;
				CLANG_WARN_INT_CONVERSION = YES;
				CLANG_WARN_OBJC_ROOT_CLASS = YES_ERROR;
				CLANG_WARN_SUSPICIOUS_MOVES = YES;
				CLANG_WARN_UNREACHABLE_CODE = YES;
				CLANG_WARN__DUPLICATE_METHOD_MATCH = YES;
				"CODE_SIGN_IDENTITY[sdk=iphoneos*]" = "iPhone Developer";
				COPY_PHASE_STRIP = NO;
				DEBUG_INFORMATION_FORMAT = dwarf;
				ENABLE_STRICT_OBJC_MSGSEND = YES;
				ENABLE_TESTABILITY = YES;
				GCC_C_LANGUAGE_STANDARD = gnu99;
				GCC_DYNAMIC_NO_PIC = NO;
				GCC_NO_COMMON_BLOCKS = YES;
				GCC_OPTIMIZATION_LEVEL = 0;
				GCC_PREPROCESSOR_DEFINITIONS = (
					"DEBUG=1",
					"$(inherited)",
				);
				GCC_WARN_64_TO_32_BIT_CONVERSION = YES;
				GCC_WARN_ABOUT_RETURN_TYPE = YES_ERROR;
				GCC_WARN_UNDECLARED_SELECTOR = YES;
				GCC_WARN_UNINITIALIZED_AUTOS = YES_AGGRESSIVE;
				GCC_WARN_UNUSED_FUNCTION = YES;
				GCC_WARN_UNUSED_VARIABLE = YES;
				IPHONEOS_DEPLOYMENT_TARGET = 10.0;
				MTL_ENABLE_DEBUG_INFO = YES;
				ONLY_ACTIVE_ARCH = YES;
				SDKROOT = iphoneos;
				SWIFT_ACTIVE_COMPILATION_CONDITIONS = DEBUG;
				SWIFT_OPTIMIZATION_LEVEL = "-Onone";
				TARGETED_DEVICE_FAMILY = "1,2";
			};
			name = Debug;
		};
		17A619131DA6061F00E71CFF /* Release */ = {
			isa = XCBuildConfiguration;
			buildSettings = {
				ALWAYS_SEARCH_USER_PATHS = NO;
				CLANG_ANALYZER_NONNULL = YES;
				CLANG_CXX_LANGUAGE_STANDARD = "gnu++0x";
				CLANG_CXX_LIBRARY = "libc++";
				CLANG_ENABLE_MODULES = YES;
				CLANG_ENABLE_OBJC_ARC = YES;
				CLANG_WARN_BOOL_CONVERSION = YES;
				CLANG_WARN_CONSTANT_CONVERSION = YES;
				CLANG_WARN_DIRECT_OBJC_ISA_USAGE = YES_ERROR;
				CLANG_WARN_DOCUMENTATION_COMMENTS = YES;
				CLANG_WARN_EMPTY_BODY = YES;
				CLANG_WARN_ENUM_CONVERSION = YES;
				CLANG_WARN_INFINITE_RECURSION = YES;
				CLANG_WARN_INT_CONVERSION = YES;
				CLANG_WARN_OBJC_ROOT_CLASS = YES_ERROR;
				CLANG_WARN_SUSPICIOUS_MOVES = YES;
				CLANG_WARN_UNREACHABLE_CODE = YES;
				CLANG_WARN__DUPLICATE_METHOD_MATCH = YES;
				"CODE_SIGN_IDENTITY[sdk=iphoneos*]" = "iPhone Developer";
				COPY_PHASE_STRIP = NO;
				DEBUG_INFORMATION_FORMAT = "dwarf-with-dsym";
				ENABLE_NS_ASSERTIONS = NO;
				ENABLE_STRICT_OBJC_MSGSEND = YES;
				GCC_C_LANGUAGE_STANDARD = gnu99;
				GCC_NO_COMMON_BLOCKS = YES;
				GCC_WARN_64_TO_32_BIT_CONVERSION = YES;
				GCC_WARN_ABOUT_RETURN_TYPE = YES_ERROR;
				GCC_WARN_UNDECLARED_SELECTOR = YES;
				GCC_WARN_UNINITIALIZED_AUTOS = YES_AGGRESSIVE;
				GCC_WARN_UNUSED_FUNCTION = YES;
				GCC_WARN_UNUSED_VARIABLE = YES;
				IPHONEOS_DEPLOYMENT_TARGET = 10.0;
				MTL_ENABLE_DEBUG_INFO = NO;
				SDKROOT = iphoneos;
				SWIFT_OPTIMIZATION_LEVEL = "-Owholemodule";
				TARGETED_DEVICE_FAMILY = "1,2";
				VALIDATE_PRODUCT = YES;
			};
			name = Release;
		};
		17A619151DA6061F00E71CFF /* Debug */ = {
			isa = XCBuildConfiguration;
			buildSettings = {
				ASSETCATALOG_COMPILER_APPICON_NAME = AppIcon;
				"CODE_SIGN_IDENTITY[sdk=iphoneos*]" = "iPhone Developer";
				DEVELOPMENT_TEAM = 456HYLV3SG;
				FRAMEWORK_SEARCH_PATHS = (
					"$(inherited)",
					"$(PROJECT_DIR)/Carthage/Build/iOS",
				);
				INFOPLIST_FILE = SocialPodcast/Info.plist;
				LD_RUNPATH_SEARCH_PATHS = "$(inherited) @executable_path/Frameworks";
				PRODUCT_BUNDLE_IDENTIFIER = com.axcoto.minicast;
				PRODUCT_NAME = "$(TARGET_NAME)";
				SWIFT_VERSION = 3.0;
			};
			name = Debug;
		};
		17A619161DA6061F00E71CFF /* Release */ = {
			isa = XCBuildConfiguration;
			buildSettings = {
				ASSETCATALOG_COMPILER_APPICON_NAME = AppIcon;
				"CODE_SIGN_IDENTITY[sdk=iphoneos*]" = "iPhone Developer";
				DEVELOPMENT_TEAM = 456HYLV3SG;
				FRAMEWORK_SEARCH_PATHS = (
					"$(inherited)",
					"$(PROJECT_DIR)/Carthage/Build/iOS",
				);
				INFOPLIST_FILE = SocialPodcast/Info.plist;
				LD_RUNPATH_SEARCH_PATHS = "$(inherited) @executable_path/Frameworks";
				PRODUCT_BUNDLE_IDENTIFIER = com.axcoto.minicast;
				PRODUCT_NAME = "$(TARGET_NAME)";
				SWIFT_VERSION = 3.0;
			};
			name = Release;
		};
		17A619181DA6061F00E71CFF /* Debug */ = {
			isa = XCBuildConfiguration;
			buildSettings = {
				ALWAYS_EMBED_SWIFT_STANDARD_LIBRARIES = YES;
				BUNDLE_LOADER = "$(TEST_HOST)";
				INFOPLIST_FILE = SocialPodcastTests/Info.plist;
				LD_RUNPATH_SEARCH_PATHS = "$(inherited) @executable_path/Frameworks @loader_path/Frameworks";
				PRODUCT_BUNDLE_IDENTIFIER = com.axcoto.SocialPodcastTests;
				PRODUCT_NAME = "$(TARGET_NAME)";
				SWIFT_VERSION = 3.0;
				TEST_HOST = "$(BUILT_PRODUCTS_DIR)/MiniCast.app/MiniCast";
			};
			name = Debug;
		};
		17A619191DA6061F00E71CFF /* Release */ = {
			isa = XCBuildConfiguration;
			buildSettings = {
				ALWAYS_EMBED_SWIFT_STANDARD_LIBRARIES = YES;
				BUNDLE_LOADER = "$(TEST_HOST)";
				INFOPLIST_FILE = SocialPodcastTests/Info.plist;
				LD_RUNPATH_SEARCH_PATHS = "$(inherited) @executable_path/Frameworks @loader_path/Frameworks";
				PRODUCT_BUNDLE_IDENTIFIER = com.axcoto.SocialPodcastTests;
				PRODUCT_NAME = "$(TARGET_NAME)";
				SWIFT_VERSION = 3.0;
				TEST_HOST = "$(BUILT_PRODUCTS_DIR)/MiniCast.app/MiniCast";
			};
			name = Release;
		};
		17A6191B1DA6061F00E71CFF /* Debug */ = {
			isa = XCBuildConfiguration;
			buildSettings = {
				ALWAYS_EMBED_SWIFT_STANDARD_LIBRARIES = YES;
				INFOPLIST_FILE = SocialPodcastUITests/Info.plist;
				LD_RUNPATH_SEARCH_PATHS = "$(inherited) @executable_path/Frameworks @loader_path/Frameworks";
				PRODUCT_BUNDLE_IDENTIFIER = com.axcoto.SocialPodcastUITests;
				PRODUCT_NAME = "$(TARGET_NAME)";
				SWIFT_VERSION = 3.0;
				TEST_TARGET_NAME = SocialPodcast;
			};
			name = Debug;
		};
		17A6191C1DA6061F00E71CFF /* Release */ = {
			isa = XCBuildConfiguration;
			buildSettings = {
				ALWAYS_EMBED_SWIFT_STANDARD_LIBRARIES = YES;
				INFOPLIST_FILE = SocialPodcastUITests/Info.plist;
				LD_RUNPATH_SEARCH_PATHS = "$(inherited) @executable_path/Frameworks @loader_path/Frameworks";
				PRODUCT_BUNDLE_IDENTIFIER = com.axcoto.SocialPodcastUITests;
				PRODUCT_NAME = "$(TARGET_NAME)";
				SWIFT_VERSION = 3.0;
				TEST_TARGET_NAME = SocialPodcast;
			};
			name = Release;
		};
/* End XCBuildConfiguration section */

/* Begin XCConfigurationList section */
		17A618E51DA6061F00E71CFF /* Build configuration list for PBXProject "MiniCast" */ = {
			isa = XCConfigurationList;
			buildConfigurations = (
				17A619121DA6061F00E71CFF /* Debug */,
				17A619131DA6061F00E71CFF /* Release */,
			);
			defaultConfigurationIsVisible = 0;
			defaultConfigurationName = Release;
		};
		17A619141DA6061F00E71CFF /* Build configuration list for PBXNativeTarget "MiniCast" */ = {
			isa = XCConfigurationList;
			buildConfigurations = (
				17A619151DA6061F00E71CFF /* Debug */,
				17A619161DA6061F00E71CFF /* Release */,
			);
			defaultConfigurationIsVisible = 0;
			defaultConfigurationName = Release;
		};
		17A619171DA6061F00E71CFF /* Build configuration list for PBXNativeTarget "MiniCastTests" */ = {
			isa = XCConfigurationList;
			buildConfigurations = (
				17A619181DA6061F00E71CFF /* Debug */,
				17A619191DA6061F00E71CFF /* Release */,
			);
			defaultConfigurationIsVisible = 0;
			defaultConfigurationName = Release;
		};
		17A6191A1DA6061F00E71CFF /* Build configuration list for PBXNativeTarget "MiniCastUITests" */ = {
			isa = XCConfigurationList;
			buildConfigurations = (
				17A6191B1DA6061F00E71CFF /* Debug */,
				17A6191C1DA6061F00E71CFF /* Release */,
			);
			defaultConfigurationIsVisible = 0;
			defaultConfigurationName = Release;
		};
/* End XCConfigurationList section */
	};
	rootObject = 17A618E21DA6061F00E71CFF /* Project object */;
}
